<?xml version="1.0" encoding="utf-8"?>
<Project ToolsVersion="4.0" xmlns="http://schemas.microsoft.com/developer/msbuild/2003">
  <ItemGroup>
    <Filter Include="Source Files">
      <UniqueIdentifier>{4FC737F1-C7A5-4376-A066-2A32D752A2FF}</UniqueIdentifier>
      <Extensions>cpp;c;cc;cxx;def;odl;idl;hpj;bat;asm;asmx</Extensions>
    </Filter>
    <Filter Include="Header Files">
      <UniqueIdentifier>{93995380-89BD-4b04-88EB-625FBE52EBFB}</UniqueIdentifier>
      <Extensions>h;hh;hpp;hxx;hm;inl;inc;xsd</Extensions>
    </Filter>
    <Filter Include="Resource Files">
      <UniqueIdentifier>{67DA6AB6-F800-4c08-8B7A-83BB121AAD01}</UniqueIdentifier>
      <Extensions>rc;ico;cur;bmp;dlg;rc2;rct;bin;rgs;gif;jpg;jpeg;jpe;resx;tiff;tif;png;wav;mfcribbon-ms</Extensions>
    </Filter>
    <Filter Include="Source Files\engine">
      <UniqueIdentifier>{313f7cf5-c4ce-472d-98fe-c96cd62db0ef}</UniqueIdentifier>
    </Filter>
    <Filter Include="Header Files\engine">
      <UniqueIdentifier>{1e65d2ca-4d0d-4867-aa80-7afab84681c8}</UniqueIdentifier>
    </Filter>
    <Filter Include="Source Files\engine\data">
      <UniqueIdentifier>{8f94a279-5589-4d29-b37d-58efc1af44d9}</UniqueIdentifier>
    </Filter>
    <Filter Include="Source Files\engine\world">
      <UniqueIdentifier>{4d80067f-616c-455c-8f63-bcc107b37502}</UniqueIdentifier>
    </Filter>
    <Filter Include="Source Files\engine\control">
      <UniqueIdentifier>{1bcfce6d-daa5-4a0f-b417-423426d5b4be}</UniqueIdentifier>
    </Filter>
    <Filter Include="Header Files\engine\data">
      <UniqueIdentifier>{15a94669-1547-4e05-a8f0-e193fe7698d6}</UniqueIdentifier>
    </Filter>
    <Filter Include="Header Files\engine\control">
      <UniqueIdentifier>{9ac850fe-c4fa-407b-8c4b-3754e3af77d1}</UniqueIdentifier>
    </Filter>
    <Filter Include="Header Files\engine\world">
      <UniqueIdentifier>{1ef7402b-b225-4291-8fc7-7572bfe256b9}</UniqueIdentifier>
    </Filter>
    <Filter Include="Source Files\engine\ui">
      <UniqueIdentifier>{c05b7cc4-fa61-49b2-a09a-26423ce2bd6e}</UniqueIdentifier>
    </Filter>
    <Filter Include="Header Files\engine\ui">
      <UniqueIdentifier>{2e28a5e6-5c5b-466d-867b-03b51250954f}</UniqueIdentifier>
    </Filter>
  </ItemGroup>
  <ItemGroup>
    <ClCompile Include="main.cpp">
      <Filter>Source Files</Filter>
    </ClCompile>
    <ClCompile Include="Point.cpp">
      <Filter>Source Files\engine\data</Filter>
    </ClCompile>
    <ClCompile Include="GameObject.cpp">
      <Filter>Source Files\engine\world</Filter>
    </ClCompile>
    <ClCompile Include="Window.cpp">
      <Filter>Source Files\engine\control</Filter>
    </ClCompile>
    <ClCompile Include="Sprite.cpp">
      <Filter>Source Files\engine\data</Filter>
    </ClCompile>
    <ClCompile Include="Renderer.cpp">
      <Filter>Source Files\engine\control</Filter>
    </ClCompile>
    <ClCompile Include="Spritesheet.cpp">
      <Filter>Source Files\engine\data</Filter>
    </ClCompile>
    <ClCompile Include="GameLoop.cpp">
      <Filter>Source Files\engine\control</Filter>
    </ClCompile>
    <ClCompile Include="Input.cpp">
      <Filter>Source Files\engine\control</Filter>
    </ClCompile>
    <ClCompile Include="Scene.cpp">
      <Filter>Source Files\engine\world</Filter>
    </ClCompile>
    <ClCompile Include="Physics.cpp">
      <Filter>Source Files\engine\control</Filter>
    </ClCompile>
    <ClCompile Include="Button.cpp">
      <Filter>Header Files\engine\ui</Filter>
    </ClCompile>
    <ClCompile Include="CompositeSprite.cpp">
      <Filter>Source Files\engine\data</Filter>
    </ClCompile>
  </ItemGroup>
  <ItemGroup>
    <ClInclude Include="Point.h">
      <Filter>Header Files\engine\data</Filter>
    </ClInclude>
    <ClInclude Include="Window.h">
      <Filter>Header Files\engine\control</Filter>
    </ClInclude>
    <ClInclude Include="GameObject.h">
      <Filter>Header Files\engine\world</Filter>
    </ClInclude>
    <ClInclude Include="Sprite.h">
      <Filter>Header Files\engine\data</Filter>
    </ClInclude>
    <ClInclude Include="Renderer.h">
      <Filter>Header Files\engine\control</Filter>
    </ClInclude>
    <ClInclude Include="Spritesheet.h">
      <Filter>Header Files\engine\data</Filter>
    </ClInclude>
    <ClInclude Include="GameLoop.h">
      <Filter>Header Files\engine\control</Filter>
    </ClInclude>
    <ClInclude Include="Input.h">
      <Filter>Header Files\engine\control</Filter>
    </ClInclude>
    <ClInclude Include="Scene.h">
      <Filter>Header Files\engine\world</Filter>
    </ClInclude>
    <ClInclude Include="Physics.h">
      <Filter>Header Files\engine\control</Filter>
    </ClInclude>
    <ClInclude Include="Button.h">
      <Filter>Source Files\engine\ui</Filter>
    </ClInclude>
    <ClInclude Include="CompositeSprite.h">
      <Filter>Header Files\engine\data</Filter>
    </ClInclude>
  </ItemGroup>
</Project>